<?xml version="1.0" encoding="utf-8"?>
<Project ToolsVersion="4.0" xmlns="http://schemas.microsoft.com/developer/msbuild/2003">
  <ItemGroup>
    <Filter Include="Source Files">
      <UniqueIdentifier>{4FC737F1-C7A5-4376-A066-2A32D752A2FF}</UniqueIdentifier>
      <Extensions>cpp;c;cc;cxx;def;odl;idl;hpj;bat;asm;asmx</Extensions>
    </Filter>
    <Filter Include="Header Files">
      <UniqueIdentifier>{93995380-89BD-4b04-88EB-625FBE52EBFB}</UniqueIdentifier>
      <Extensions>h;hh;hpp;hxx;hm;inl;inc;xsd</Extensions>
    </Filter>
    <Filter Include="Resource Files">
      <UniqueIdentifier>{67DA6AB6-F800-4c08-8B7A-83BB121AAD01}</UniqueIdentifier>
      <Extensions>rc;ico;cur;bmp;dlg;rc2;rct;bin;rgs;gif;jpg;jpeg;jpe;resx;tiff;tif;png;wav;mfcribbon-ms</Extensions>
    </Filter>
    <Filter Include="Source Files\Semantic">
      <UniqueIdentifier>{39db4a43-2115-4b45-b8c3-f41c84c5d76a}</UniqueIdentifier>
    </Filter>
    <Filter Include="Source Files\Syntax">
      <UniqueIdentifier>{ccf70f23-530b-4476-a58a-53559fbb906c}</UniqueIdentifier>
    </Filter>
    <Filter Include="Source Files\VirtualMachine">
      <UniqueIdentifier>{1245fd06-f495-4de3-ac1a-3a570d571e90}</UniqueIdentifier>
    </Filter>
    <Filter Include="Source Files\NativeTypes">
      <UniqueIdentifier>{a20be754-833d-42bd-b019-349cc636a09e}</UniqueIdentifier>
    </Filter>
    <Filter Include="Source Files\Semantic\Statements">
      <UniqueIdentifier>{d032bf75-b65c-4744-938d-075201e07e7c}</UniqueIdentifier>
    </Filter>
    <Filter Include="Source Files\Syntax\Statements">
      <UniqueIdentifier>{48742c71-a7bc-43dc-821e-b68b7ac9dc5e}</UniqueIdentifier>
    </Filter>
  </ItemGroup>
  <ItemGroup>
    <ClInclude Include="Source\lexer.h">
      <Filter>Source Files</Filter>
    </ClInclude>
    <ClInclude Include="Source\syntaxAnalyzer.h">
      <Filter>Source Files</Filter>
    </ClInclude>
    <ClInclude Include="Include\baluScript.h">
      <Filter>Header Files</Filter>
    </ClInclude>
    <ClInclude Include="Source\notOptimizedProgram.h">
      <Filter>Source Files</Filter>
    </ClInclude>
    <ClInclude Include="Source\NativeTypes\DynArray.h">
      <Filter>Source Files\NativeTypes</Filter>
    </ClInclude>
    <ClInclude Include="Source\NativeTypes\StaticArray.h">
      <Filter>Source Files\NativeTypes</Filter>
    </ClInclude>
    <ClInclude Include="Source\NativeTypes\String.h">
      <Filter>Source Files\NativeTypes</Filter>
    </ClInclude>
    <ClInclude Include="Source\memleaks.h">
      <Filter>Source Files</Filter>
    </ClInclude>
    <ClInclude Include="Include\common.h">
      <Filter>Header Files</Filter>
    </ClInclude>
    <ClInclude Include="Source\NativeTypes\vec.h">
      <Filter>Header Files</Filter>
    </ClInclude>
    <ClInclude Include="Source\NativeTypes\stdfuncs.h">
      <Filter>Header Files</Filter>
    </ClInclude>
    <ClInclude Include="Source\NativeTypes\base_types.h">
      <Filter>Header Files</Filter>
    </ClInclude>
    <ClInclude Include="Source\SyntaxInterface\IAccesible.h">
      <Filter>Header Files</Filter>
    </ClInclude>
    <ClInclude Include="Source\SyntaxInterface\IBytecode.h">
      <Filter>Header Files</Filter>
    </ClInclude>
    <ClInclude Include="Source\SyntaxInterface\IClass.h">
      <Filter>Header Files</Filter>
    </ClInclude>
    <ClInclude Include="Source\SyntaxInterface\IClassField.h">
      <Filter>Header Files</Filter>
    </ClInclude>
    <ClInclude Include="Source\SyntaxInterface\IExpression.h">
      <Filter>Header Files</Filter>
    </ClInclude>
    <ClInclude Include="Source\SyntaxInterface\IFor.h">
      <Filter>Header Files</Filter>
    </ClInclude>
    <ClInclude Include="Source\SyntaxInterface\IIf.h">
      <Filter>Header Files</Filter>
    </ClInclude>
    <ClInclude Include="Source\SyntaxInterface\ILocalVar.h">
      <Filter>Header Files</Filter>
    </ClInclude>
    <ClInclude Include="Source\SyntaxInterface\IMethod.h">
      <Filter>Header Files</Filter>
    </ClInclude>
    <ClInclude Include="Source\SyntaxInterface\IOverloadedMethod.h">
      <Filter>Header Files</Filter>
    </ClInclude>
    <ClInclude Include="Source\SyntaxInterface\IParameter.h">
      <Filter>Header Files</Filter>
    </ClInclude>
    <ClInclude Include="Source\SyntaxInterface\IReturn.h">
      <Filter>Header Files</Filter>
    </ClInclude>
    <ClInclude Include="Source\SyntaxInterface\IStatement.h">
      <Filter>Header Files</Filter>
    </ClInclude>
    <ClInclude Include="Source\SyntaxInterface\IStatements.h">
      <Filter>Header Files</Filter>
    </ClInclude>
    <ClInclude Include="Source\SyntaxInterface\IType.h">
      <Filter>Header Files</Filter>
    </ClInclude>
    <ClInclude Include="Source\SyntaxInterface\IWhile.h">
      <Filter>Header Files</Filter>
    </ClInclude>
    <ClInclude Include="Source\SyntaxInterface\SyntaxTreeApi.h">
      <Filter>Header Files</Filter>
    </ClInclude>
    <ClInclude Include="Source\SyntaxInterface\SyntaxInternal\Accessible.h">
      <Filter>Source Files\Syntax</Filter>
    </ClInclude>
    <ClInclude Include="Source\SyntaxInterface\SyntaxInternal\Bytecode.h">
      <Filter>Source Files\Syntax\Statements</Filter>
    </ClInclude>
    <ClInclude Include="Source\SyntaxInterface\SyntaxInternal\Class.h">
      <Filter>Source Files\Syntax</Filter>
    </ClInclude>
    <ClInclude Include="Source\SyntaxInterface\SyntaxInternal\ClassField.h">
      <Filter>Source Files\Syntax</Filter>
    </ClInclude>
    <ClInclude Include="Source\SyntaxInterface\SyntaxInternal\Expression.h">
      <Filter>Source Files\Syntax\Statements</Filter>
    </ClInclude>
    <ClInclude Include="Source\SyntaxInterface\SyntaxInternal\For.h">
      <Filter>Source Files\Syntax\Statements</Filter>
    </ClInclude>
    <ClInclude Include="Source\SyntaxInterface\SyntaxInternal\If.h">
      <Filter>Source Files\Syntax\Statements</Filter>
    </ClInclude>
    <ClInclude Include="Source\SyntaxInterface\SyntaxInternal\LocalVar.h">
      <Filter>Source Files\Syntax\Statements</Filter>
    </ClInclude>
    <ClInclude Include="Source\SyntaxInterface\SyntaxInternal\Method.h">
      <Filter>Source Files\Syntax</Filter>
    </ClInclude>
    <ClInclude Include="Source\SyntaxInterface\SyntaxInternal\OverloadedMethod.h">
      <Filter>Source Files\Syntax</Filter>
    </ClInclude>
    <ClInclude Include="Source\SyntaxInterface\SyntaxInternal\Parameter.h">
      <Filter>Source Files\Syntax</Filter>
    </ClInclude>
    <ClInclude Include="Source\SyntaxInterface\SyntaxInternal\Return.h">
      <Filter>Source Files\Syntax\Statements</Filter>
    </ClInclude>
    <ClInclude Include="Source\SyntaxInterface\SyntaxInternal\Statement.h">
      <Filter>Source Files\Syntax\Statements</Filter>
    </ClInclude>
    <ClInclude Include="Source\SyntaxInterface\SyntaxInternal\Statements.h">
      <Filter>Source Files\Syntax\Statements</Filter>
    </ClInclude>
    <ClInclude Include="Source\SyntaxInterface\SyntaxInternal\Type.h">
      <Filter>Source Files\Syntax</Filter>
    </ClInclude>
    <ClInclude Include="Source\SyntaxInterface\SyntaxInternal\While.h">
      <Filter>Source Files\Syntax\Statements</Filter>
    </ClInclude>
    <ClInclude Include="Source\SemanticInterface\SemanticTreeApi.h">
      <Filter>Header Files</Filter>
    </ClInclude>
    <ClInclude Include="Source\SemanticInterface\ISyntaxNode.h">
      <Filter>Header Files</Filter>
    </ClInclude>
    <ClInclude Include="Source\SemanticInterface\IMethod.h">
      <Filter>Header Files</Filter>
    </ClInclude>
    <ClInclude Include="Source\TreeRunner\RunContext.h">
      <Filter>Source Files\Semantic</Filter>
    </ClInclude>
    <ClInclude Include="Source\TreeRunner\FormalParam.h">
      <Filter>Source Files\Semantic</Filter>
    </ClInclude>
    <ClInclude Include="Source\TreeRunner\ExpressionRun.h">
      <Filter>Header Files</Filter>
    </ClInclude>
    <ClInclude Include="Source\SemanticInterface\Internal\ExpressionResult.h">
      <Filter>Header Files</Filter>
    </ClInclude>
    <ClInclude Include="Source\SemanticInterface\Internal\SBytecode.h">
      <Filter>Source Files\Semantic\Statements</Filter>
    </ClInclude>
    <ClInclude Include="Source\SemanticInterface\Internal\SClass.h">
      <Filter>Source Files\Semantic</Filter>
    </ClInclude>
    <ClInclude Include="Source\SemanticInterface\Internal\SClassField.h">
      <Filter>Source Files\Semantic</Filter>
    </ClInclude>
    <ClInclude Include="Source\SemanticInterface\Internal\SCommon.h">
      <Filter>Header Files</Filter>
    </ClInclude>
    <ClInclude Include="Source\SemanticInterface\Internal\SConstructObject.h">
      <Filter>Source Files\Semantic\Statements</Filter>
    </ClInclude>
    <ClInclude Include="Source\SemanticInterface\Internal\SExpression.h">
      <Filter>Source Files\Semantic\Statements</Filter>
    </ClInclude>
    <ClInclude Include="Source\SemanticInterface\Internal\SFor.h">
      <Filter>Source Files\Semantic\Statements</Filter>
    </ClInclude>
    <ClInclude Include="Source\SemanticInterface\Internal\SIf.h">
      <Filter>Source Files\Semantic\Statements</Filter>
    </ClInclude>
    <ClInclude Include="Source\SemanticInterface\Internal\SLocalVar.h">
      <Filter>Source Files\Semantic\Statements</Filter>
    </ClInclude>
    <ClInclude Include="Source\SemanticInterface\Internal\SMethod.h">
      <Filter>Source Files\Semantic</Filter>
    </ClInclude>
    <ClInclude Include="Source\SemanticInterface\Internal\SOverloadedMethod.h">
      <Filter>Source Files\Semantic</Filter>
    </ClInclude>
    <ClInclude Include="Source\SemanticInterface\Internal\SParameter.h">
      <Filter>Source Files\Semantic</Filter>
    </ClInclude>
    <ClInclude Include="Source\SemanticInterface\Internal\SReturn.h">
      <Filter>Source Files\Semantic\Statements</Filter>
    </ClInclude>
    <ClInclude Include="Source\SemanticInterface\Internal\SStatement.h">
      <Filter>Source Files\Semantic\Statements</Filter>
    </ClInclude>
    <ClInclude Include="Source\SemanticInterface\Internal\SStatements.h">
      <Filter>Source Files\Semantic\Statements</Filter>
    </ClInclude>
    <ClInclude Include="Source\SemanticInterface\Internal\SSyntaxNode.h">
      <Filter>Source Files\Semantic</Filter>
    </ClInclude>
    <ClInclude Include="Source\SemanticInterface\Internal\SType.h">
      <Filter>Source Files\Semantic</Filter>
    </ClInclude>
    <ClInclude Include="Source\SemanticInterface\Internal\SWhile.h">
      <Filter>Source Files\Semantic\Statements</Filter>
    </ClInclude>
    <ClInclude Include="Source\SemanticInterface\Internal\TemplateRealizations.h">
      <Filter>Source Files\Semantic</Filter>
    </ClInclude>
    <ClInclude Include="Source\SemanticInterface\Internal\Variable.h">
      <Filter>Source Files\Semantic</Filter>
    </ClInclude>
    <ClInclude Include="Source\SemanticInterface\IBuildContext.h">
      <Filter>Source Files\Semantic</Filter>
    </ClInclude>
    <ClInclude Include="Source\TreeRunner\TreeRunner.h">
      <Filter>Header Files</Filter>
    </ClInclude>
    <ClInclude Include="Source\SemanticInterface\IExpressionRunner.h">
      <Filter>Header Files</Filter>
    </ClInclude>
    <ClInclude Include="Source\SemanticInterface\IStatementRunner.h">
      <Filter>Header Files</Filter>
    </ClInclude>
    <ClInclude Include="Source\SemanticInterface\IOperations.h">
      <Filter>Header Files</Filter>
    </ClInclude>
    <ClInclude Include="Data\extern_binding.h">
      <Filter>Header Files</Filter>
    </ClInclude>
    <ClInclude Include="Source\BindingGen.h">
      <Filter>Header Files</Filter>
    </ClInclude>
    <ClInclude Include="Source\BytecodeBaseOps\Op.h">
      <Filter>Source Files\VirtualMachine</Filter>
    </ClInclude>
    <ClInclude Include="Source\BytecodeBaseOps\opcodes.h">
      <Filter>Source Files\VirtualMachine</Filter>
    </ClInclude>
    <ClInclude Include="Source\BytecodeBaseOps\baseOps.h">
      <Filter>Source Files</Filter>
    </ClInclude>
    <ClInclude Include="Source\NativeTypes\Ptr.h">
      <Filter>Header Files</Filter>
    </ClInclude>
  </ItemGroup>
  <ItemGroup>
    <ClCompile Include="Source\lexer.cpp">
      <Filter>Source Files</Filter>
    </ClCompile>
    <ClCompile Include="Source\notOptimizedProgram.cpp">
      <Filter>Source Files</Filter>
    </ClCompile>
    <ClCompile Include="Source\syntaxAnalyzer.cpp">
      <Filter>Source Files</Filter>
    </ClCompile>
    <ClCompile Include="Source\NativeTypes\DynArray.cpp">
      <Filter>Source Files\NativeTypes</Filter>
    </ClCompile>
    <ClCompile Include="Source\NativeTypes\StaticArray.cpp">
      <Filter>Source Files\NativeTypes</Filter>
    </ClCompile>
    <ClCompile Include="Source\NativeTypes\String.cpp">
      <Filter>Source Files\NativeTypes</Filter>
    </ClCompile>
    <ClCompile Include="Source\SyntaxInterface\SyntaxInternal\Accessible.cpp">
      <Filter>Source Files\Syntax</Filter>
    </ClCompile>
    <ClCompile Include="Source\SyntaxInterface\SyntaxInternal\Bytecode.cpp">
      <Filter>Source Files\Syntax\Statements</Filter>
    </ClCompile>
    <ClCompile Include="Source\SyntaxInterface\SyntaxInternal\Class.cpp">
      <Filter>Source Files\Syntax</Filter>
    </ClCompile>
    <ClCompile Include="Source\SyntaxInterface\SyntaxInternal\ClassField.cpp">
      <Filter>Source Files\Syntax</Filter>
    </ClCompile>
    <ClCompile Include="Source\SyntaxInterface\SyntaxInternal\Expression.cpp">
      <Filter>Source Files\Syntax\Statements</Filter>
    </ClCompile>
    <ClCompile Include="Source\SyntaxInterface\SyntaxInternal\For.cpp">
      <Filter>Source Files\Syntax\Statements</Filter>
    </ClCompile>
    <ClCompile Include="Source\SyntaxInterface\SyntaxInternal\If.cpp">
      <Filter>Source Files\Syntax\Statements</Filter>
    </ClCompile>
    <ClCompile Include="Source\SyntaxInterface\SyntaxInternal\LocalVar.cpp">
      <Filter>Source Files\Syntax\Statements</Filter>
    </ClCompile>
    <ClCompile Include="Source\SyntaxInterface\SyntaxInternal\Method.cpp">
      <Filter>Source Files\Syntax</Filter>
    </ClCompile>
    <ClCompile Include="Source\SyntaxInterface\SyntaxInternal\OverloadedMethod.cpp">
      <Filter>Source Files\Syntax</Filter>
    </ClCompile>
    <ClCompile Include="Source\SyntaxInterface\SyntaxInternal\Parameter.cpp">
      <Filter>Source Files\Syntax</Filter>
    </ClCompile>
    <ClCompile Include="Source\SyntaxInterface\SyntaxInternal\Return.cpp">
      <Filter>Source Files\Syntax\Statements</Filter>
    </ClCompile>
    <ClCompile Include="Source\SyntaxInterface\SyntaxInternal\Statement.cpp">
      <Filter>Source Files\Syntax\Statements</Filter>
    </ClCompile>
    <ClCompile Include="Source\SyntaxInterface\SyntaxInternal\Statements.cpp">
      <Filter>Source Files\Syntax\Statements</Filter>
    </ClCompile>
    <ClCompile Include="Source\SyntaxInterface\SyntaxInternal\Type.cpp">
      <Filter>Source Files\Syntax</Filter>
    </ClCompile>
    <ClCompile Include="Source\SyntaxInterface\SyntaxInternal\While.cpp">
      <Filter>Source Files\Syntax\Statements</Filter>
    </ClCompile>
    <ClCompile Include="Source\SyntaxInterface\SyntaxTreeApi.cpp">
      <Filter>Source Files</Filter>
    </ClCompile>
    <ClCompile Include="Source\SemanticInterface\SemanticTreeApi.cpp">
      <Filter>Source Files</Filter>
    </ClCompile>
    <ClCompile Include="Source\TreeRunner\FormalParam.cpp">
      <Filter>Source Files</Filter>
    </ClCompile>
    <ClCompile Include="Source\SemanticInterface\Internal\ExpressionResult.cpp">
      <Filter>Source Files</Filter>
    </ClCompile>
    <ClCompile Include="Source\SemanticInterface\Internal\SBytecode.cpp">
      <Filter>Source Files\Semantic\Statements</Filter>
    </ClCompile>
    <ClCompile Include="Source\SemanticInterface\Internal\SClass.cpp">
      <Filter>Source Files\Semantic</Filter>
    </ClCompile>
    <ClCompile Include="Source\SemanticInterface\Internal\SClassField.cpp">
      <Filter>Source Files\Semantic</Filter>
    </ClCompile>
    <ClCompile Include="Source\SemanticInterface\Internal\SCommon.cpp">
      <Filter>Source Files</Filter>
    </ClCompile>
    <ClCompile Include="Source\SemanticInterface\Internal\SConstructObject.cpp">
      <Filter>Source Files\Semantic\Statements</Filter>
    </ClCompile>
    <ClCompile Include="Source\SemanticInterface\Internal\SExpression.cpp">
      <Filter>Source Files\Semantic\Statements</Filter>
    </ClCompile>
    <ClCompile Include="Source\SemanticInterface\Internal\SFor.cpp">
      <Filter>Source Files\Semantic\Statements</Filter>
    </ClCompile>
    <ClCompile Include="Source\SemanticInterface\Internal\SIf.cpp">
      <Filter>Source Files\Semantic\Statements</Filter>
    </ClCompile>
    <ClCompile Include="Source\SemanticInterface\Internal\SLocalVar.cpp">
      <Filter>Source Files\Semantic\Statements</Filter>
    </ClCompile>
    <ClCompile Include="Source\SemanticInterface\Internal\SMethod.cpp">
      <Filter>Source Files\Semantic</Filter>
    </ClCompile>
    <ClCompile Include="Source\SemanticInterface\Internal\SOverloadedMethod.cpp">
      <Filter>Source Files\Semantic</Filter>
    </ClCompile>
    <ClCompile Include="Source\SemanticInterface\Internal\SParameter.cpp">
      <Filter>Source Files\Semantic</Filter>
    </ClCompile>
    <ClCompile Include="Source\SemanticInterface\Internal\SReturn.cpp">
      <Filter>Source Files\Semantic\Statements</Filter>
    </ClCompile>
    <ClCompile Include="Source\SemanticInterface\Internal\SStatement.cpp">
      <Filter>Source Files\Semantic\Statements</Filter>
    </ClCompile>
    <ClCompile Include="Source\SemanticInterface\Internal\SStatements.cpp">
      <Filter>Source Files\Semantic\Statements</Filter>
    </ClCompile>
    <ClCompile Include="Source\SemanticInterface\Internal\SType.cpp">
      <Filter>Source Files\Semantic</Filter>
    </ClCompile>
    <ClCompile Include="Source\SemanticInterface\Internal\SWhile.cpp">
      <Filter>Source Files\Semantic\Statements</Filter>
    </ClCompile>
    <ClCompile Include="Source\SemanticInterface\Internal\TemplateRealizations.cpp">
      <Filter>Source Files\Semantic</Filter>
    </ClCompile>
    <ClCompile Include="Source\SemanticInterface\Internal\Variable.cpp">
      <Filter>Source Files\Semantic</Filter>
    </ClCompile>
    <ClCompile Include="Source\TreeRunner\TreeRunner.cpp">
      <Filter>Source Files</Filter>
    </ClCompile>
    <ClCompile Include="Source\TreeRunner\ExpressionRun.cpp">
      <Filter>Source Files</Filter>
    </ClCompile>
    <ClCompile Include="Source\BindingGen.cpp">
      <Filter>Source Files</Filter>
    </ClCompile>
    <ClCompile Include="Source\BytecodeBaseOps\baseOps.cpp">
      <Filter>Source Files</Filter>
    </ClCompile>
    <ClCompile Include="Source\NativeTypes\Ptr.cpp">
      <Filter>Source Files\NativeTypes</Filter>
    </ClCompile>
  </ItemGroup>
</Project>